
Microsoft Visual Studio Solution File, Format Version 12.00
# Visual Studio Version 16
VisualStudioVersion = 16.0.28922.388
MinimumVisualStudioVersion = 10.0.40219.1
Project("{FAE04EC0-301F-11D3-BF4B-00C04F79EFBC}") = "ChatBot", "ChatBot\ChatBot.csproj", "{6E4EBA0C-F898-46EE-9258-FED5E2479866}"
EndProject
Global
	GlobalSection(SolutionConfigurationPlatforms) = preSolution
		Debug|Any CPU = Debug|Any CPU
		Release|Any CPU = Release|Any CPU
	EndGlobalSection
	GlobalSection(ProjectConfigurationPlatforms) = postSolution
		{6E4EBA0C-F898-46EE-9258-FED5E2479866}.Debug|Any CPU.ActiveCfg = Debug|Any CPU
		{6E4EBA0C-F898-46EE-9258-FED5E2479866}.Debug|Any CPU.Build.0 = Debug|Any CPU
		{6E4EBA0C-F898-46EE-9258-FED5E2479866}.Release|Any CPU.ActiveCfg = Release|Any CPU
		{6E4EBA0C-F898-46EE-9258-FED5E2479866}.Release|Any CPU.Build.0 = Release|Any CPU
	EndGlobalSection
	GlobalSection(SolutionProperties) = preSolution
		HideSolutionNode = FALSE
	EndGlobalSection
	GlobalSection(ExtensibilityGlobals) = postSolution
		SolutionGuid = {253A7F7D-9D71-48BF-B8A2-F39693A3C823}
	EndGlobalSection
EndGlobal
